// !$*UTF8*$!
{
	archiveVersion = 1;
	classes = {
	};
	objectVersion = 50;
	objects = {

/* Begin PBXBuildFile section */
		112764CA22CEA2130012CE3F /* AppDelegate.swift in Sources */ = {isa = PBXBuildFile; fileRef = 112764C922CEA2130012CE3F /* AppDelegate.swift */; };
		112764D122CEA2130012CE3F /* Main.storyboard in Resources */ = {isa = PBXBuildFile; fileRef = 112764CF22CEA2130012CE3F /* Main.storyboard */; };
		112764D322CEA2180012CE3F /* Assets.xcassets in Resources */ = {isa = PBXBuildFile; fileRef = 112764D222CEA2180012CE3F /* Assets.xcassets */; };
		112764D622CEA2180012CE3F /* LaunchScreen.storyboard in Resources */ = {isa = PBXBuildFile; fileRef = 112764D422CEA2180012CE3F /* LaunchScreen.storyboard */; };
		112764DE22CEB2430012CE3F /* CompetitorViewController.swift in Sources */ = {isa = PBXBuildFile; fileRef = 112764DD22CEB2430012CE3F /* CompetitorViewController.swift */; };
		112764E022CEB33E0012CE3F /* RouteViewController.swift in Sources */ = {isa = PBXBuildFile; fileRef = 112764DF22CEB33E0012CE3F /* RouteViewController.swift */; };
		11A9A1E8232CBFEE005C72BF /* SearchViewController.swift in Sources */ = {isa = PBXBuildFile; fileRef = 11A9A1E7232CBFED005C72BF /* SearchViewController.swift */; };
		11A9A1EC232CD5B5005C72BF /* SearchResultViewController.swift in Sources */ = {isa = PBXBuildFile; fileRef = 11A9A1EB232CD5B5005C72BF /* SearchResultViewController.swift */; };
/* End PBXBuildFile section */

/* Begin PBXFileReference section */
		112764C622CEA2130012CE3F /* DemoApp.app */ = {isa = PBXFileReference; explicitFileType = wrapper.application; includeInIndex = 0; path = DemoApp.app; sourceTree = BUILT_PRODUCTS_DIR; };
		112764C922CEA2130012CE3F /* AppDelegate.swift */ = {isa = PBXFileReference; lastKnownFileType = sourcecode.swift; path = AppDelegate.swift; sourceTree = "<group>"; };
		112764D022CEA2130012CE3F /* Base */ = {isa = PBXFileReference; lastKnownFileType = file.storyboard; name = Base; path = Base.lproj/Main.storyboard; sourceTree = "<group>"; };
		112764D222CEA2180012CE3F /* Assets.xcassets */ = {isa = PBXFileReference; lastKnownFileType = folder.assetcatalog; path = Assets.xcassets; sourceTree = "<group>"; };
		112764D522CEA2180012CE3F /* Base */ = {isa = PBXFileReference; lastKnownFileType = file.storyboard; name = Base; path = Base.lproj/LaunchScreen.storyboard; sourceTree = "<group>"; };
		112764D722CEA2180012CE3F /* Info.plist */ = {isa = PBXFileReference; lastKnownFileType = text.plist.xml; path = Info.plist; sourceTree = "<group>"; };
		112764DD22CEB2430012CE3F /* CompetitorViewController.swift */ = {isa = PBXFileReference; fileEncoding = 4; lastKnownFileType = sourcecode.swift; path = CompetitorViewController.swift; sourceTree = "<group>"; };
		112764DF22CEB33E0012CE3F /* RouteViewController.swift */ = {isa = PBXFileReference; fileEncoding = 4; lastKnownFileType = sourcecode.swift; path = RouteViewController.swift; sourceTree = "<group>"; };
		11A9A1E7232CBFED005C72BF /* SearchViewController.swift */ = {isa = PBXFileReference; fileEncoding = 4; lastKnownFileType = sourcecode.swift; path = SearchViewController.swift; sourceTree = "<group>"; };
		11A9A1EB232CD5B5005C72BF /* SearchResultViewController.swift */ = {isa = PBXFileReference; fileEncoding = 4; lastKnownFileType = sourcecode.swift; path = SearchResultViewController.swift; sourceTree = "<group>"; };
/* End PBXFileReference section */

/* Begin PBXFrameworksBuildPhase section */
		112764C322CEA2130012CE3F /* Frameworks */ = {
			isa = PBXFrameworksBuildPhase;
			buildActionMask = 2147483647;
			files = (
			);
			runOnlyForDeploymentPostprocessing = 0;
		};
/* End PBXFrameworksBuildPhase section */

/* Begin PBXGroup section */
		112764BD22CEA2120012CE3F = {
			isa = PBXGroup;
			children = (
				112764C822CEA2130012CE3F /* DemoApp */,
				112764C722CEA2130012CE3F /* Products */,
			);
			sourceTree = "<group>";
		};
		112764C722CEA2130012CE3F /* Products */ = {
			isa = PBXGroup;
			children = (
				112764C622CEA2130012CE3F /* DemoApp.app */,
			);
			name = Products;
			sourceTree = "<group>";
		};
		112764C822CEA2130012CE3F /* DemoApp */ = {
			isa = PBXGroup;
			children = (
				11A9A1EA232CC281005C72BF /* CompetitorViewController */,
				11A9A1E9232CC201005C72BF /* RouteViewController */,
				11A9A1E6232CBFED005C72BF /* SearchViewController */,
				112764C922CEA2130012CE3F /* AppDelegate.swift */,
				112764CF22CEA2130012CE3F /* Main.storyboard */,
				112764D222CEA2180012CE3F /* Assets.xcassets */,
				112764D422CEA2180012CE3F /* LaunchScreen.storyboard */,
				112764D722CEA2180012CE3F /* Info.plist */,
			);
			path = DemoApp;
			sourceTree = "<group>";
		};
		11A9A1E6232CBFED005C72BF /* SearchViewController */ = {
			isa = PBXGroup;
			children = (
				11A9A1EB232CD5B5005C72BF /* SearchResultViewController.swift */,
				11A9A1E7232CBFED005C72BF /* SearchViewController.swift */,
			);
			path = SearchViewController;
			sourceTree = "<group>";
		};
		11A9A1E9232CC201005C72BF /* RouteViewController */ = {
			isa = PBXGroup;
			children = (
				112764DF22CEB33E0012CE3F /* RouteViewController.swift */,
			);
			path = RouteViewController;
			sourceTree = "<group>";
		};
		11A9A1EA232CC281005C72BF /* CompetitorViewController */ = {
			isa = PBXGroup;
			children = (
				112764DD22CEB2430012CE3F /* CompetitorViewController.swift */,
			);
			path = CompetitorViewController;
			sourceTree = "<group>";
		};
/* End PBXGroup section */

/* Begin PBXNativeTarget section */
		112764C522CEA2130012CE3F /* DemoApp */ = {
			isa = PBXNativeTarget;
			buildConfigurationList = 112764DA22CEA2180012CE3F /* Build configuration list for PBXNativeTarget "DemoApp" */;
			buildPhases = (
				112764C222CEA2130012CE3F /* Sources */,
				112764C322CEA2130012CE3F /* Frameworks */,
				112764C422CEA2130012CE3F /* Resources */,
			);
			buildRules = (
			);
			dependencies = (
			);
			name = DemoApp;
			productName = DemoApp;
			productReference = 112764C622CEA2130012CE3F /* DemoApp.app */;
			productType = "com.apple.product-type.application";
		};
/* End PBXNativeTarget section */

/* Begin PBXProject section */
		112764BE22CEA2120012CE3F /* Project object */ = {
			isa = PBXProject;
			attributes = {
				LastSwiftUpdateCheck = 1020;
				LastUpgradeCheck = 1020;
				ORGANIZATIONNAME = hinamasu1;
				TargetAttributes = {
					112764C522CEA2130012CE3F = {
						CreatedOnToolsVersion = 10.2.1;
					};
				};
			};
			buildConfigurationList = 112764C122CEA2120012CE3F /* Build configuration list for PBXProject "DemoApp" */;
			compatibilityVersion = "Xcode 9.3";
			developmentRegion = en;
			hasScannedForEncodings = 0;
			knownRegions = (
				en,
				Base,
			);
			mainGroup = 112764BD22CEA2120012CE3F;
			productRefGroup = 112764C722CEA2130012CE3F /* Products */;
			projectDirPath = "";
			projectRoot = "";
			targets = (
				112764C522CEA2130012CE3F /* DemoApp */,
			);
		};
/* End PBXProject section */

/* Begin PBXResourcesBuildPhase section */
		112764C422CEA2130012CE3F /* Resources */ = {
			isa = PBXResourcesBuildPhase;
			buildActionMask = 2147483647;
			files = (
				112764D622CEA2180012CE3F /* LaunchScreen.storyboard in Resources */,
				112764D322CEA2180012CE3F /* Assets.xcassets in Resources */,
				112764D122CEA2130012CE3F /* Main.storyboard in Resources */,
			);
			runOnlyForDeploymentPostprocessing = 0;
		};
/* End PBXResourcesBuildPhase section */

/* Begin PBXSourcesBuildPhase section */
		112764C222CEA2130012CE3F /* Sources */ = {
			isa = PBXSourcesBuildPhase;
			buildActionMask = 2147483647;
			files = (
				112764CA22CEA2130012CE3F /* AppDelegate.swift in Sources */,
				112764DE22CEB2430012CE3F /* CompetitorViewController.swift in Sources */,
				11A9A1EC232CD5B5005C72BF /* SearchResultViewController.swift in Sources */,
				112764E022CEB33E0012CE3F /* RouteViewController.swift in Sources */,
				11A9A1E8232CBFEE005C72BF /* SearchViewController.swift in Sources */,
			);
			runOnlyForDeploymentPostprocessing = 0;
		};
/* End PBXSourcesBuildPhase section */

/* Begin PBXVariantGroup section */
		112764CF22CEA2130012CE3F /* Main.storyboard */ = {
			isa = PBXVariantGroup;
			children = (
				112764D022CEA2130012CE3F /* Base */,
			);
			name = Main.storyboard;
			sourceTree = "<group>";
		};
		112764D422CEA2180012CE3F /* LaunchScreen.storyboard */ = {
			isa = PBXVariantGroup;
			children = (
				112764D522CEA2180012CE3F /* Base */,
			);
			name = LaunchScreen.storyboard;
			sourceTree = "<group>";
		};
/* End PBXVariantGroup section */

/* Begin XCBuildConfiguration section */
		112764D822CEA2180012CE3F /* Debug */ = {
			isa = XCBuildConfiguration;
			buildSettings = {
				ALWAYS_SEARCH_USER_PATHS = NO;
				CLANG_ANALYZER_NONNULL = YES;
				CLANG_ANALYZER_NUMBER_OBJECT_CONVERSION = YES_AGGRESSIVE;
				CLANG_CXX_LANGUAGE_STANDARD = "gnu++14";
				CLANG_CXX_LIBRARY = "libc++";
				CLANG_ENABLE_MODULES = YES;
				CLANG_ENABLE_OBJC_ARC = YES;
				CLANG_ENABLE_OBJC_WEAK = YES;
				CLANG_WARN_BLOCK_CAPTURE_AUTORELEASING = YES;
				CLANG_WARN_BOOL_CONVERSION = YES;
				CLANG_WARN_COMMA = YES;
				CLANG_WARN_CONSTANT_CONVERSION = YES;
				CLANG_WARN_DEPRECATED_OBJC_IMPLEMENTATIONS = YES;
				CLANG_WARN_DIRECT_OBJC_ISA_USAGE = YES_ERROR;
				CLANG_WARN_DOCUMENTATION_COMMENTS = YES;
				CLANG_WARN_EMPTY_BODY = YES;
				CLANG_WARN_ENUM_CONVERSION = YES;
				CLANG_WARN_INFINITE_RECURSION = YES;
				CLANG_WARN_INT_CONVERSION = YES;
				CLANG_WARN_NON_LITERAL_NULL_CONVERSION = YES;
				CLANG_WARN_OBJC_IMPLICIT_RETAIN_SELF = YES;
				CLANG_WARN_OBJC_LITERAL_CONVERSION = YES;
				CLANG_WARN_OBJC_ROOT_CLASS = YES_ERROR;
				CLANG_WARN_RANGE_LOOP_ANALYSIS = YES;
				CLANG_WARN_STRICT_PROTOTYPES = YES;
				CLANG_WARN_SUSPICIOUS_MOVE = YES;
				CLANG_WARN_UNGUARDED_AVAILABILITY = YES_AGGRESSIVE;
				CLANG_WARN_UNREACHABLE_CODE = YES;
				CLANG_WARN__DUPLICATE_METHOD_MATCH = YES;
				CODE_SIGN_IDENTITY = "iPhone Developer";
				COPY_PHASE_STRIP = NO;
				DEBUG_INFORMATION_FORMAT = dwarf;
				ENABLE_STRICT_OBJC_MSGSEND = YES;
				ENABLE_TESTABILITY = YES;
				GCC_C_LANGUAGE_STANDARD = gnu11;
				GCC_DYNAMIC_NO_PIC = NO;
				GCC_NO_COMMON_BLOCKS = YES;
				GCC_OPTIMIZATION_LEVEL = 0;
				GCC_PREPROCESSOR_DEFINITIONS = (
					"DEBUG=1",
					"$(inherited)",
				);
				GCC_WARN_64_TO_32_BIT_CONVERSION = YES;
				GCC_WARN_ABOUT_RETURN_TYPE = YES_ERROR;
				GCC_WARN_UNDECLARED_SELECTOR = YES;
				GCC_WARN_UNINITIALIZED_AUTOS = YES_AGGRESSIVE;
				GCC_WARN_UNUSED_FUNCTION = YES;
				GCC_WARN_UNUSED_VARIABLE = YES;
				IPHONEOS_DEPLOYMENT_TARGET = 12.2;
				MTL_ENABLE_DEBUG_INFO = INCLUDE_SOURCE;
				MTL_FAST_MATH = YES;
				ONLY_ACTIVE_ARCH = YES;
				SDKROOT = iphoneos;
				SWIFT_ACTIVE_COMPILATION_CONDITIONS = DEBUG;
				SWIFT_OPTIMIZATION_LEVEL = "-Onone";
			};
			name = Debug;
		};
		112764D922CEA2180012CE3F /* Release */ = {
			isa = XCBuildConfiguration;
			buildSettings = {
				ALWAYS_SEARCH_USER_PATHS = NO;
				CLANG_ANALYZER_NONNULL = YES;
				CLANG_ANALYZER_NUMBER_OBJECT_CONVERSION = YES_AGGRESSIVE;
				CLANG_CXX_LANGUAGE_STANDARD = "gnu++14";
				CLANG_CXX_LIBRARY = "libc++";
				CLANG_ENABLE_MODULES = YES;
				CLANG_ENABLE_OBJC_ARC = YES;
				CLANG_ENABLE_OBJC_WEAK = YES;
				CLANG_WARN_BLOCK_CAPTURE_AUTORELEASING = YES;
				CLANG_WARN_BOOL_CONVERSION = YES;
				CLANG_WARN_COMMA = YES;
				CLANG_WARN_CONSTANT_CONVERSION = YES;
				CLANG_WARN_DEPRECATED_OBJC_IMPLEMENTATIONS = YES;
				CLANG_WARN_DIRECT_OBJC_ISA_USAGE = YES_ERROR;
				CLANG_WARN_DOCUMENTATION_COMMENTS = YES;
				CLANG_WARN_EMPTY_BODY = YES;
				CLANG_WARN_ENUM_CONVERSION = YES;
				CLANG_WARN_INFINITE_RECURSION = YES;
				CLANG_WARN_INT_CONVERSION = YES;
				CLANG_WARN_NON_LITERAL_NULL_CONVERSION = YES;
				CLANG_WARN_OBJC_IMPLICIT_RETAIN_SELF = YES;
				CLANG_WARN_OBJC_LITERAL_CONVERSION = YES;
				CLANG_WARN_OBJC_ROOT_CLASS = YES_ERROR;
				CLANG_WARN_RANGE_LOOP_ANALYSIS = YES;
				CLANG_WARN_STRICT_PROTOTYPES = YES;
				CLANG_WARN_SUSPICIOUS_MOVE = YES;
				CLANG_WARN_UNGUARDED_AVAILABILITY = YES_AGGRESSIVE;
				CLANG_WARN_UNREACHABLE_CODE = YES;
				CLANG_WARN__DUPLICATE_METHOD_MATCH = YES;
				CODE_SIGN_IDENTITY = "iPhone Developer";
				COPY_PHASE_STRIP = NO;
				DEBUG_INFORMATION_FORMAT = "dwarf-with-dsym";
				ENABLE_NS_ASSERTIONS = NO;
				ENABLE_STRICT_OBJC_MSGSEND = YES;
				GCC_C_LANGUAGE_STANDARD = gnu11;
				GCC_NO_COMMON_BLOCKS = YES;
				GCC_WARN_64_TO_32_BIT_CONVERSION = YES;
				GCC_WARN_ABOUT_RETURN_TYPE = YES_ERROR;
				GCC_WARN_UNDECLARED_SELECTOR = YES;
				GCC_WARN_UNINITIALIZED_AUTOS = YES_AGGRESSIVE;
				GCC_WARN_UNUSED_FUNCTION = YES;
				GCC_WARN_UNUSED_VARIABLE = YES;
				IPHONEOS_DEPLOYMENT_TARGET = 12.2;
				MTL_ENABLE_DEBUG_INFO = NO;
				MTL_FAST_MATH = YES;
				SDKROOT = iphoneos;
				SWIFT_COMPILATION_MODE = wholemodule;
				SWIFT_OPTIMIZATION_LEVEL = "-O";
				VALIDATE_PRODUCT = YES;
			};
			name = Release;
		};
		112764DB22CEA2180012CE3F /* Debug */ = {
			isa = XCBuildConfiguration;
			buildSettings = {
				ASSETCATALOG_COMPILER_APPICON_NAME = AppIcon;
				CODE_SIGN_STYLE = Automatic;
				DEVELOPMENT_TEAM = T3UV7SRL5R;
				INFOPLIST_FILE = DemoApp/Info.plist;
				IPHONEOS_DEPLOYMENT_TARGET = 11.0;
				LD_RUNPATH_SEARCH_PATHS = (
					"$(inherited)",
					"@executable_path/Frameworks",
				);
				PRODUCT_BUNDLE_IDENTIFIER = org.hinamasu1.DemoApp;
				PRODUCT_NAME = "$(TARGET_NAME)";
				"SWIFT_ACTIVE_COMPILATION_CONDITIONS[arch=*]" = DEBUG;
				SWIFT_VERSION = 5.0;
				TARGETED_DEVICE_FAMILY = "1,2";
			};
			name = Debug;
		};
		112764DC22CEA2180012CE3F /* Release */ = {
			isa = XCBuildConfiguration;
			buildSettings = {
				ASSETCATALOG_COMPILER_APPICON_NAME = AppIcon;
				CODE_SIGN_STYLE = Automatic;
				DEVELOPMENT_TEAM = T3UV7SRL5R;
				INFOPLIST_FILE = DemoApp/Info.plist;
				IPHONEOS_DEPLOYMENT_TARGET = 11.0;
				LD_RUNPATH_SEARCH_PATHS = (
					"$(inherited)",
					"@executable_path/Frameworks",
				);
				PRODUCT_BUNDLE_IDENTIFIER = org.hinamasu1.DemoApp;
				PRODUCT_NAME = "$(TARGET_NAME)";
				SWIFT_VERSION = 5.0;
				TARGETED_DEVICE_FAMILY = "1,2";
			};
			name = Release;
		};
/* End XCBuildConfiguration section */

/* Begin XCConfigurationList section */
		112764C122CEA2120012CE3F /* Build configuration list for PBXProject "DemoApp" */ = {
			isa = XCConfigurationList;
			buildConfigurations = (
				112764D822CEA2180012CE3F /* Debug */,
				112764D922CEA2180012CE3F /* Release */,
			);
			defaultConfigurationIsVisible = 0;
			defaultConfigurationName = Release;
		};
		112764DA22CEA2180012CE3F /* Build configuration list for PBXNativeTarget "DemoApp" */ = {
			isa = XCConfigurationList;
			buildConfigurations = (
				112764DB22CEA2180012CE3F /* Debug */,
				112764DC22CEA2180012CE3F /* Release */,
			);
			defaultConfigurationIsVisible = 0;
			defaultConfigurationName = Release;
		};
/* End XCConfigurationList section */
	};
	rootObject = 112764BE22CEA2120012CE3F /* Project object */;
}
